{
  "name": "sample-package",
  "version": "1.0.0",
  "lockfileVersion": 3,
  "requires": true,
  "packages": {
    "": {
      "name": "sample-package",
      "version": "1.0.0",
      "license": "ISC",
      "dependencies": {
        "sample-package": "^1.0.1"
      }
    },
    "node_modules/sample-package": {
      "version": "1.0.1",
      "resolved": "https://registry.npmjs.org/sample-package/-/sample-package-1.0.1.tgz",
      "integrity": "sha512-nkXETi5spOTNvZJXwnc2xvUiyRalq15zdpYVi5Is0NWiCLwAHEf2iwxNJe9UpQdjxj7uNaoURLASNxVpDs7WoQ==",
      "license": "ISC"
    }
  }
}
